{
  "name": "hanzi1",
  "version": "1.0.0",
  "lockfileVersion": 3,
  "requires": true,
  "packages": {
    "": {
      "name": "hanzi1",
      "version": "1.0.0",
      "license": "ISC",
      "dependencies": {
        "cnchar": "^3.2.6"
      }
    },
    "node_modules/cnchar": {
      "version": "3.2.6",
      "resolved": "https://registry.npmjs.org/cnchar/-/cnchar-3.2.6.tgz",
      "integrity": "sha512-7Up5ALAkoOTAHlRMN0B7VgrrRsp6+trgFV0M7xSsZ0TwnnBfW68gXClcE9Oz8sTOEu+zqGOZjBhlHNzPIBckDA==",
      "license": "MIT",
      "dependencies": {
        "cnchar-types": "^3.2.6"
      }
    },
    "node_modules/cnchar-types": {
      "version": "3.2.6",
      "resolved": "https://registry.npmjs.org/cnchar-types/-/cnchar-types-3.2.6.tgz",
      "integrity": "sha512-LGU2ss7KcsI1Psme73+jffUX0ZDuChr6P9Rj2j8lynJHStklNpoC/+kheKSSUcXQ1u2KNvZt1Shs/5efcihHkg==",
      "license": "MIT"
    }
  }
}
